
Microsoft Visual Studio Solution File, Format Version 12.00
# Visual Studio 2013
VisualStudioVersion = 12.0.31101.0
MinimumVisualStudioVersion = 10.0.40219.1
Project("{FAE04EC0-301F-11D3-BF4B-00C04F79EFBC}") = "myapp1", "myapp1\myapp1.csproj", "{FEAEAD21-8934-4B23-B15D-64612720EEFD}"
EndProject
Global
	GlobalSection(SolutionConfigurationPlatforms) = preSolution
		Debug|Any CPU = Debug|Any CPU
		Debug|ARM = Debug|ARM
		Debug|x86 = Debug|x86
		Release|Any CPU = Release|Any CPU
		Release|ARM = Release|ARM
		Release|x86 = Release|x86
	EndGlobalSection
	GlobalSection(ProjectConfigurationPlatforms) = postSolution
		{FEAEAD21-8934-4B23-B15D-64612720EEFD}.Debug|Any CPU.ActiveCfg = Debug|Any CPU
		{FEAEAD21-8934-4B23-B15D-64612720EEFD}.Debug|Any CPU.Build.0 = Debug|Any CPU
		{FEAEAD21-8934-4B23-B15D-64612720EEFD}.Debug|Any CPU.Deploy.0 = Debug|Any CPU
		{FEAEAD21-8934-4B23-B15D-64612720EEFD}.Debug|ARM.ActiveCfg = Debug|ARM
		{FEAEAD21-8934-4B23-B15D-64612720EEFD}.Debug|ARM.Build.0 = Debug|ARM
		{FEAEAD21-8934-4B23-B15D-64612720EEFD}.Debug|ARM.Deploy.0 = Debug|ARM
		{FEAEAD21-8934-4B23-B15D-64612720EEFD}.Debug|x86.ActiveCfg = Debug|x86
		{FEAEAD21-8934-4B23-B15D-64612720EEFD}.Debug|x86.Build.0 = Debug|x86
		{FEAEAD21-8934-4B23-B15D-64612720EEFD}.Debug|x86.Deploy.0 = Debug|x86
		{FEAEAD21-8934-4B23-B15D-64612720EEFD}.Release|Any CPU.ActiveCfg = Release|Any CPU
		{FEAEAD21-8934-4B23-B15D-64612720EEFD}.Release|Any CPU.Build.0 = Release|Any CPU
		{FEAEAD21-8934-4B23-B15D-64612720EEFD}.Release|Any CPU.Deploy.0 = Release|Any CPU
		{FEAEAD21-8934-4B23-B15D-64612720EEFD}.Release|ARM.ActiveCfg = Release|ARM
		{FEAEAD21-8934-4B23-B15D-64612720EEFD}.Release|ARM.Build.0 = Release|ARM
		{FEAEAD21-8934-4B23-B15D-64612720EEFD}.Release|ARM.Deploy.0 = Release|ARM
		{FEAEAD21-8934-4B23-B15D-64612720EEFD}.Release|x86.ActiveCfg = Release|x86
		{FEAEAD21-8934-4B23-B15D-64612720EEFD}.Release|x86.Build.0 = Release|x86
		{FEAEAD21-8934-4B23-B15D-64612720EEFD}.Release|x86.Deploy.0 = Release|x86
	EndGlobalSection
	GlobalSection(SolutionProperties) = preSolution
		HideSolutionNode = FALSE
	EndGlobalSection
EndGlobal
